
Microsoft Visual Studio Solution File, Format Version 12.00
# Visual Studio Version 16
VisualStudioVersion = 16.0.31729.503
MinimumVisualStudioVersion = 10.0.40219.1
Project("{FAE04EC0-301F-11D3-BF4B-00C04F79EFBC}") = "Part 10.5 - Student Class", "Part 10.5 - Student Class\Part 10.5 - Student Class.csproj", "{81F852B9-2C84-4080-AC69-07C37C437BFB}"
EndProject
Global
	GlobalSection(SolutionConfigurationPlatforms) = preSolution
		Debug|Any CPU = Debug|Any CPU
		Release|Any CPU = Release|Any CPU
	EndGlobalSection
	GlobalSection(ProjectConfigurationPlatforms) = postSolution
		{81F852B9-2C84-4080-AC69-07C37C437BFB}.Debug|Any CPU.ActiveCfg = Debug|Any CPU
		{81F852B9-2C84-4080-AC69-07C37C437BFB}.Debug|Any CPU.Build.0 = Debug|Any CPU
		{81F852B9-2C84-4080-AC69-07C37C437BFB}.Release|Any CPU.ActiveCfg = Release|Any CPU
		{81F852B9-2C84-4080-AC69-07C37C437BFB}.Release|Any CPU.Build.0 = Release|Any CPU
	EndGlobalSection
	GlobalSection(SolutionProperties) = preSolution
		HideSolutionNode = FALSE
	EndGlobalSection
	GlobalSection(ExtensibilityGlobals) = postSolution
		SolutionGuid = {D467695E-379F-4847-8B6A-C67E57CAD6CF}
	EndGlobalSection
EndGlobal
